// !$*UTF8*$!
{
	archiveVersion = 1;
	classes = {
	};
	objectVersion = 55;
	objects = {

/* Begin PBXBuildFile section */
		D6711E7728CB224C00B60ACE /* AppDelegate.swift in Sources */ = {isa = PBXBuildFile; fileRef = D6711E7628CB224C00B60ACE /* AppDelegate.swift */; };
		D6711E7928CB224C00B60ACE /* SceneDelegate.swift in Sources */ = {isa = PBXBuildFile; fileRef = D6711E7828CB224C00B60ACE /* SceneDelegate.swift */; };
		D6711E7B28CB224C00B60ACE /* MainViewController.swift in Sources */ = {isa = PBXBuildFile; fileRef = D6711E7A28CB224C00B60ACE /* MainViewController.swift */; };
		D6711E7E28CB224C00B60ACE /* Main.storyboard in Resources */ = {isa = PBXBuildFile; fileRef = D6711E7C28CB224C00B60ACE /* Main.storyboard */; };
		D6711E8028CB224D00B60ACE /* Assets.xcassets in Resources */ = {isa = PBXBuildFile; fileRef = D6711E7F28CB224D00B60ACE /* Assets.xcassets */; };
		D6711E8328CB224D00B60ACE /* LaunchScreen.storyboard in Resources */ = {isa = PBXBuildFile; fileRef = D6711E8128CB224D00B60ACE /* LaunchScreen.storyboard */; };
		D6711E8D28CB229400B60ACE /* CustomCollectionViewCell.swift in Sources */ = {isa = PBXBuildFile; fileRef = D6711E8B28CB229400B60ACE /* CustomCollectionViewCell.swift */; };
		D6711E8E28CB229400B60ACE /* CustomCollectionViewCell.xib in Resources */ = {isa = PBXBuildFile; fileRef = D6711E8C28CB229400B60ACE /* CustomCollectionViewCell.xib */; };
		D6711E9128CB230300B60ACE /* BaseView.swift in Sources */ = {isa = PBXBuildFile; fileRef = D6711E9028CB230300B60ACE /* BaseView.swift */; };
		D6711E9628CB704E00B60ACE /* The Weeknd ft. Daft Punk - Star-boy.mp3 in Resources */ = {isa = PBXBuildFile; fileRef = D6711E9528CB704E00B60ACE /* The Weeknd ft. Daft Punk - Star-boy.mp3 */; };
		D6711E9828CB710700B60ACE /* Naughty Boy ft. Beyonce - Runnin.mp3 in Resources */ = {isa = PBXBuildFile; fileRef = D6711E9728CB710700B60ACE /* Naughty Boy ft. Beyonce - Runnin.mp3 */; };
		D6711E9A28CB725F00B60ACE /* Maroon 5 - Wait.mp3 in Resources */ = {isa = PBXBuildFile; fileRef = D6711E9928CB725F00B60ACE /* Maroon 5 - Wait.mp3 */; };
		D6711E9C28CC8F7600B60ACE /* XGradientView.swift in Sources */ = {isa = PBXBuildFile; fileRef = D6711E9B28CC8F7600B60ACE /* XGradientView.swift */; };
		D6711E9F28CCA1B600B60ACE /* Music.swift in Sources */ = {isa = PBXBuildFile; fileRef = D6711E9E28CCA1B600B60ACE /* Music.swift */; };
/* End PBXBuildFile section */

/* Begin PBXFileReference section */
		D6711E7328CB224C00B60ACE /* Iksvan_Test.app */ = {isa = PBXFileReference; explicitFileType = wrapper.application; includeInIndex = 0; path = Iksvan_Test.app; sourceTree = BUILT_PRODUCTS_DIR; };
		D6711E7628CB224C00B60ACE /* AppDelegate.swift */ = {isa = PBXFileReference; lastKnownFileType = sourcecode.swift; path = AppDelegate.swift; sourceTree = "<group>"; };
		D6711E7828CB224C00B60ACE /* SceneDelegate.swift */ = {isa = PBXFileReference; lastKnownFileType = sourcecode.swift; path = SceneDelegate.swift; sourceTree = "<group>"; };
		D6711E7A28CB224C00B60ACE /* MainViewController.swift */ = {isa = PBXFileReference; lastKnownFileType = sourcecode.swift; path = MainViewController.swift; sourceTree = "<group>"; };
		D6711E7D28CB224C00B60ACE /* Base */ = {isa = PBXFileReference; lastKnownFileType = file.storyboard; name = Base; path = Base.lproj/Main.storyboard; sourceTree = "<group>"; };
		D6711E7F28CB224D00B60ACE /* Assets.xcassets */ = {isa = PBXFileReference; lastKnownFileType = folder.assetcatalog; path = Assets.xcassets; sourceTree = "<group>"; };
		D6711E8228CB224D00B60ACE /* Base */ = {isa = PBXFileReference; lastKnownFileType = file.storyboard; name = Base; path = Base.lproj/LaunchScreen.storyboard; sourceTree = "<group>"; };
		D6711E8428CB224D00B60ACE /* Info.plist */ = {isa = PBXFileReference; lastKnownFileType = text.plist.xml; path = Info.plist; sourceTree = "<group>"; };
		D6711E8B28CB229400B60ACE /* CustomCollectionViewCell.swift */ = {isa = PBXFileReference; lastKnownFileType = sourcecode.swift; path = CustomCollectionViewCell.swift; sourceTree = "<group>"; };
		D6711E8C28CB229400B60ACE /* CustomCollectionViewCell.xib */ = {isa = PBXFileReference; lastKnownFileType = file.xib; path = CustomCollectionViewCell.xib; sourceTree = "<group>"; };
		D6711E9028CB230300B60ACE /* BaseView.swift */ = {isa = PBXFileReference; lastKnownFileType = sourcecode.swift; path = BaseView.swift; sourceTree = "<group>"; };
		D6711E9528CB704E00B60ACE /* The Weeknd ft. Daft Punk - Star-boy.mp3 */ = {isa = PBXFileReference; lastKnownFileType = audio.mp3; path = "The Weeknd ft. Daft Punk - Star-boy.mp3"; sourceTree = "<group>"; };
		D6711E9728CB710700B60ACE /* Naughty Boy ft. Beyonce - Runnin.mp3 */ = {isa = PBXFileReference; lastKnownFileType = audio.mp3; path = "Naughty Boy ft. Beyonce - Runnin.mp3"; sourceTree = "<group>"; };
		D6711E9928CB725F00B60ACE /* Maroon 5 - Wait.mp3 */ = {isa = PBXFileReference; lastKnownFileType = audio.mp3; path = "Maroon 5 - Wait.mp3"; sourceTree = "<group>"; };
		D6711E9B28CC8F7600B60ACE /* XGradientView.swift */ = {isa = PBXFileReference; lastKnownFileType = sourcecode.swift; path = XGradientView.swift; sourceTree = "<group>"; };
		D6711E9E28CCA1B600B60ACE /* Music.swift */ = {isa = PBXFileReference; lastKnownFileType = sourcecode.swift; path = Music.swift; sourceTree = "<group>"; };
/* End PBXFileReference section */

/* Begin PBXFrameworksBuildPhase section */
		D6711E7028CB224C00B60ACE /* Frameworks */ = {
			isa = PBXFrameworksBuildPhase;
			buildActionMask = 2147483647;
			files = (
			);
			runOnlyForDeploymentPostprocessing = 0;
		};
/* End PBXFrameworksBuildPhase section */

/* Begin PBXGroup section */
		D6711E6A28CB224C00B60ACE = {
			isa = PBXGroup;
			children = (
				D6711E7528CB224C00B60ACE /* Iksvan_Test */,
				D6711E7428CB224C00B60ACE /* Products */,
			);
			sourceTree = "<group>";
		};
		D6711E7428CB224C00B60ACE /* Products */ = {
			isa = PBXGroup;
			children = (
				D6711E7328CB224C00B60ACE /* Iksvan_Test.app */,
			);
			name = Products;
			sourceTree = "<group>";
		};
		D6711E7528CB224C00B60ACE /* Iksvan_Test */ = {
			isa = PBXGroup;
			children = (
				D6711E8A28CB225800B60ACE /* App */,
				D6711E9E28CCA1B600B60ACE /* Music.swift */,
				D6711E7A28CB224C00B60ACE /* MainViewController.swift */,
				D6711E8F28CB22E700B60ACE /* CustomCell */,
				D6711E9228CB231E00B60ACE /* View */,
				D6711E7F28CB224D00B60ACE /* Assets.xcassets */,
				D6711E8128CB224D00B60ACE /* LaunchScreen.storyboard */,
				D6711E8428CB224D00B60ACE /* Info.plist */,
				D6711E9D28CC9F6D00B60ACE /* Music */,
			);
			path = Iksvan_Test;
			sourceTree = "<group>";
		};
		D6711E8A28CB225800B60ACE /* App */ = {
			isa = PBXGroup;
			children = (
				D6711E7628CB224C00B60ACE /* AppDelegate.swift */,
				D6711E7828CB224C00B60ACE /* SceneDelegate.swift */,
			);
			path = App;
			sourceTree = "<group>";
		};
		D6711E8F28CB22E700B60ACE /* CustomCell */ = {
			isa = PBXGroup;
			children = (
				D6711E8B28CB229400B60ACE /* CustomCollectionViewCell.swift */,
				D6711E8C28CB229400B60ACE /* CustomCollectionViewCell.xib */,
			);
			path = CustomCell;
			sourceTree = "<group>";
		};
		D6711E9228CB231E00B60ACE /* View */ = {
			isa = PBXGroup;
			children = (
				D6711E9B28CC8F7600B60ACE /* XGradientView.swift */,
				D6711E9028CB230300B60ACE /* BaseView.swift */,
				D6711E7C28CB224C00B60ACE /* Main.storyboard */,
			);
			path = View;
			sourceTree = "<group>";
		};
		D6711E9D28CC9F6D00B60ACE /* Music */ = {
			isa = PBXGroup;
			children = (
				D6711E9528CB704E00B60ACE /* The Weeknd ft. Daft Punk - Star-boy.mp3 */,
				D6711E9728CB710700B60ACE /* Naughty Boy ft. Beyonce - Runnin.mp3 */,
				D6711E9928CB725F00B60ACE /* Maroon 5 - Wait.mp3 */,
			);
			path = Music;
			sourceTree = "<group>";
		};
/* End PBXGroup section */

/* Begin PBXNativeTarget section */
		D6711E7228CB224C00B60ACE /* Iksvan_Test */ = {
			isa = PBXNativeTarget;
			buildConfigurationList = D6711E8728CB224D00B60ACE /* Build configuration list for PBXNativeTarget "Iksvan_Test" */;
			buildPhases = (
				D6711E6F28CB224C00B60ACE /* Sources */,
				D6711E7028CB224C00B60ACE /* Frameworks */,
				D6711E7128CB224C00B60ACE /* Resources */,
			);
			buildRules = (
			);
			dependencies = (
			);
			name = Iksvan_Test;
			productName = Iksvan_Test;
			productReference = D6711E7328CB224C00B60ACE /* Iksvan_Test.app */;
			productType = "com.apple.product-type.application";
		};
/* End PBXNativeTarget section */

/* Begin PBXProject section */
		D6711E6B28CB224C00B60ACE /* Project object */ = {
			isa = PBXProject;
			attributes = {
				BuildIndependentTargetsInParallel = 1;
				LastSwiftUpdateCheck = 1340;
				LastUpgradeCheck = 1340;
				TargetAttributes = {
					D6711E7228CB224C00B60ACE = {
						CreatedOnToolsVersion = 13.4;
					};
				};
			};
			buildConfigurationList = D6711E6E28CB224C00B60ACE /* Build configuration list for PBXProject "Iksvan_Test" */;
			compatibilityVersion = "Xcode 13.0";
			developmentRegion = en;
			hasScannedForEncodings = 0;
			knownRegions = (
				en,
				Base,
			);
			mainGroup = D6711E6A28CB224C00B60ACE;
			productRefGroup = D6711E7428CB224C00B60ACE /* Products */;
			projectDirPath = "";
			projectRoot = "";
			targets = (
				D6711E7228CB224C00B60ACE /* Iksvan_Test */,
			);
		};
/* End PBXProject section */

/* Begin PBXResourcesBuildPhase section */
		D6711E7128CB224C00B60ACE /* Resources */ = {
			isa = PBXResourcesBuildPhase;
			buildActionMask = 2147483647;
			files = (
				D6711E8328CB224D00B60ACE /* LaunchScreen.storyboard in Resources */,
				D6711E9628CB704E00B60ACE /* The Weeknd ft. Daft Punk - Star-boy.mp3 in Resources */,
				D6711E8028CB224D00B60ACE /* Assets.xcassets in Resources */,
				D6711E9A28CB725F00B60ACE /* Maroon 5 - Wait.mp3 in Resources */,
				D6711E7E28CB224C00B60ACE /* Main.storyboard in Resources */,
				D6711E9828CB710700B60ACE /* Naughty Boy ft. Beyonce - Runnin.mp3 in Resources */,
				D6711E8E28CB229400B60ACE /* CustomCollectionViewCell.xib in Resources */,
			);
			runOnlyForDeploymentPostprocessing = 0;
		};
/* End PBXResourcesBuildPhase section */

/* Begin PBXSourcesBuildPhase section */
		D6711E6F28CB224C00B60ACE /* Sources */ = {
			isa = PBXSourcesBuildPhase;
			buildActionMask = 2147483647;
			files = (
				D6711E7B28CB224C00B60ACE /* MainViewController.swift in Sources */,
				D6711E7728CB224C00B60ACE /* AppDelegate.swift in Sources */,
				D6711E9128CB230300B60ACE /* BaseView.swift in Sources */,
				D6711E7928CB224C00B60ACE /* SceneDelegate.swift in Sources */,
				D6711E9F28CCA1B600B60ACE /* Music.swift in Sources */,
				D6711E8D28CB229400B60ACE /* CustomCollectionViewCell.swift in Sources */,
				D6711E9C28CC8F7600B60ACE /* XGradientView.swift in Sources */,
			);
			runOnlyForDeploymentPostprocessing = 0;
		};
/* End PBXSourcesBuildPhase section */

/* Begin PBXVariantGroup section */
		D6711E7C28CB224C00B60ACE /* Main.storyboard */ = {
			isa = PBXVariantGroup;
			children = (
				D6711E7D28CB224C00B60ACE /* Base */,
			);
			name = Main.storyboard;
			sourceTree = "<group>";
		};
		D6711E8128CB224D00B60ACE /* LaunchScreen.storyboard */ = {
			isa = PBXVariantGroup;
			children = (
				D6711E8228CB224D00B60ACE /* Base */,
			);
			name = LaunchScreen.storyboard;
			sourceTree = "<group>";
		};
/* End PBXVariantGroup section */

/* Begin XCBuildConfiguration section */
		D6711E8528CB224D00B60ACE /* Debug */ = {
			isa = XCBuildConfiguration;
			buildSettings = {
				ALWAYS_SEARCH_USER_PATHS = NO;
				CLANG_ANALYZER_NONNULL = YES;
				CLANG_ANALYZER_NUMBER_OBJECT_CONVERSION = YES_AGGRESSIVE;
				CLANG_CXX_LANGUAGE_STANDARD = "gnu++17";
				CLANG_ENABLE_MODULES = YES;
				CLANG_ENABLE_OBJC_ARC = YES;
				CLANG_ENABLE_OBJC_WEAK = YES;
				CLANG_WARN_BLOCK_CAPTURE_AUTORELEASING = YES;
				CLANG_WARN_BOOL_CONVERSION = YES;
				CLANG_WARN_COMMA = YES;
				CLANG_WARN_CONSTANT_CONVERSION = YES;
				CLANG_WARN_DEPRECATED_OBJC_IMPLEMENTATIONS = YES;
				CLANG_WARN_DIRECT_OBJC_ISA_USAGE = YES_ERROR;
				CLANG_WARN_DOCUMENTATION_COMMENTS = YES;
				CLANG_WARN_EMPTY_BODY = YES;
				CLANG_WARN_ENUM_CONVERSION = YES;
				CLANG_WARN_INFINITE_RECURSION = YES;
				CLANG_WARN_INT_CONVERSION = YES;
				CLANG_WARN_NON_LITERAL_NULL_CONVERSION = YES;
				CLANG_WARN_OBJC_IMPLICIT_RETAIN_SELF = YES;
				CLANG_WARN_OBJC_LITERAL_CONVERSION = YES;
				CLANG_WARN_OBJC_ROOT_CLASS = YES_ERROR;
				CLANG_WARN_QUOTED_INCLUDE_IN_FRAMEWORK_HEADER = YES;
				CLANG_WARN_RANGE_LOOP_ANALYSIS = YES;
				CLANG_WARN_STRICT_PROTOTYPES = YES;
				CLANG_WARN_SUSPICIOUS_MOVE = YES;
				CLANG_WARN_UNGUARDED_AVAILABILITY = YES_AGGRESSIVE;
				CLANG_WARN_UNREACHABLE_CODE = YES;
				CLANG_WARN__DUPLICATE_METHOD_MATCH = YES;
				COPY_PHASE_STRIP = NO;
				DEBUG_INFORMATION_FORMAT = dwarf;
				ENABLE_STRICT_OBJC_MSGSEND = YES;
				ENABLE_TESTABILITY = YES;
				GCC_C_LANGUAGE_STANDARD = gnu11;
				GCC_DYNAMIC_NO_PIC = NO;
				GCC_NO_COMMON_BLOCKS = YES;
				GCC_OPTIMIZATION_LEVEL = 0;
				GCC_PREPROCESSOR_DEFINITIONS = (
					"DEBUG=1",
					"$(inherited)",
				);
				GCC_WARN_64_TO_32_BIT_CONVERSION = YES;
				GCC_WARN_ABOUT_RETURN_TYPE = YES_ERROR;
				GCC_WARN_UNDECLARED_SELECTOR = YES;
				GCC_WARN_UNINITIALIZED_AUTOS = YES_AGGRESSIVE;
				GCC_WARN_UNUSED_FUNCTION = YES;
				GCC_WARN_UNUSED_VARIABLE = YES;
				IPHONEOS_DEPLOYMENT_TARGET = 15.5;
				MTL_ENABLE_DEBUG_INFO = INCLUDE_SOURCE;
				MTL_FAST_MATH = YES;
				ONLY_ACTIVE_ARCH = YES;
				SDKROOT = iphoneos;
				SWIFT_ACTIVE_COMPILATION_CONDITIONS = DEBUG;
				SWIFT_OPTIMIZATION_LEVEL = "-Onone";
			};
			name = Debug;
		};
		D6711E8628CB224D00B60ACE /* Release */ = {
			isa = XCBuildConfiguration;
			buildSettings = {
				ALWAYS_SEARCH_USER_PATHS = NO;
				CLANG_ANALYZER_NONNULL = YES;
				CLANG_ANALYZER_NUMBER_OBJECT_CONVERSION = YES_AGGRESSIVE;
				CLANG_CXX_LANGUAGE_STANDARD = "gnu++17";
				CLANG_ENABLE_MODULES = YES;
				CLANG_ENABLE_OBJC_ARC = YES;
				CLANG_ENABLE_OBJC_WEAK = YES;
				CLANG_WARN_BLOCK_CAPTURE_AUTORELEASING = YES;
				CLANG_WARN_BOOL_CONVERSION = YES;
				CLANG_WARN_COMMA = YES;
				CLANG_WARN_CONSTANT_CONVERSION = YES;
				CLANG_WARN_DEPRECATED_OBJC_IMPLEMENTATIONS = YES;
				CLANG_WARN_DIRECT_OBJC_ISA_USAGE = YES_ERROR;
				CLANG_WARN_DOCUMENTATION_COMMENTS = YES;
				CLANG_WARN_EMPTY_BODY = YES;
				CLANG_WARN_ENUM_CONVERSION = YES;
				CLANG_WARN_INFINITE_RECURSION = YES;
				CLANG_WARN_INT_CONVERSION = YES;
				CLANG_WARN_NON_LITERAL_NULL_CONVERSION = YES;
				CLANG_WARN_OBJC_IMPLICIT_RETAIN_SELF = YES;
				CLANG_WARN_OBJC_LITERAL_CONVERSION = YES;
				CLANG_WARN_OBJC_ROOT_CLASS = YES_ERROR;
				CLANG_WARN_QUOTED_INCLUDE_IN_FRAMEWORK_HEADER = YES;
				CLANG_WARN_RANGE_LOOP_ANALYSIS = YES;
				CLANG_WARN_STRICT_PROTOTYPES = YES;
				CLANG_WARN_SUSPICIOUS_MOVE = YES;
				CLANG_WARN_UNGUARDED_AVAILABILITY = YES_AGGRESSIVE;
				CLANG_WARN_UNREACHABLE_CODE = YES;
				CLANG_WARN__DUPLICATE_METHOD_MATCH = YES;
				COPY_PHASE_STRIP = NO;
				DEBUG_INFORMATION_FORMAT = "dwarf-with-dsym";
				ENABLE_NS_ASSERTIONS = NO;
				ENABLE_STRICT_OBJC_MSGSEND = YES;
				GCC_C_LANGUAGE_STANDARD = gnu11;
				GCC_NO_COMMON_BLOCKS = YES;
				GCC_WARN_64_TO_32_BIT_CONVERSION = YES;
				GCC_WARN_ABOUT_RETURN_TYPE = YES_ERROR;
				GCC_WARN_UNDECLARED_SELECTOR = YES;
				GCC_WARN_UNINITIALIZED_AUTOS = YES_AGGRESSIVE;
				GCC_WARN_UNUSED_FUNCTION = YES;
				GCC_WARN_UNUSED_VARIABLE = YES;
				IPHONEOS_DEPLOYMENT_TARGET = 15.5;
				MTL_ENABLE_DEBUG_INFO = NO;
				MTL_FAST_MATH = YES;
				SDKROOT = iphoneos;
				SWIFT_COMPILATION_MODE = wholemodule;
				SWIFT_OPTIMIZATION_LEVEL = "-O";
				VALIDATE_PRODUCT = YES;
			};
			name = Release;
		};
		D6711E8828CB224D00B60ACE /* Debug */ = {
			isa = XCBuildConfiguration;
			buildSettings = {
				ASSETCATALOG_COMPILER_APPICON_NAME = AppIcon;
				ASSETCATALOG_COMPILER_GLOBAL_ACCENT_COLOR_NAME = AccentColor;
				CODE_SIGN_STYLE = Automatic;
				CURRENT_PROJECT_VERSION = 1;
				DEVELOPMENT_TEAM = X8VM9X4JZM;
				GENERATE_INFOPLIST_FILE = YES;
				INFOPLIST_FILE = Iksvan_Test/Info.plist;
				INFOPLIST_KEY_UIApplicationSupportsIndirectInputEvents = YES;
				INFOPLIST_KEY_UILaunchStoryboardName = LaunchScreen;
				INFOPLIST_KEY_UIMainStoryboardFile = Main;
				INFOPLIST_KEY_UISupportedInterfaceOrientations_iPad = "UIInterfaceOrientationPortrait UIInterfaceOrientationPortraitUpsideDown UIInterfaceOrientationLandscapeLeft UIInterfaceOrientationLandscapeRight";
				INFOPLIST_KEY_UISupportedInterfaceOrientations_iPhone = "UIInterfaceOrientationPortrait UIInterfaceOrientationLandscapeLeft UIInterfaceOrientationLandscapeRight";
				LD_RUNPATH_SEARCH_PATHS = (
					"$(inherited)",
					"@executable_path/Frameworks",
				);
				MARKETING_VERSION = 1.0;
				PRODUCT_BUNDLE_IDENTIFIER = "com.veranika.Iksvan-Test";
				PRODUCT_NAME = "$(TARGET_NAME)";
				SWIFT_EMIT_LOC_STRINGS = YES;
				SWIFT_VERSION = 5.0;
				TARGETED_DEVICE_FAMILY = "1,2";
			};
			name = Debug;
		};
		D6711E8928CB224D00B60ACE /* Release */ = {
			isa = XCBuildConfiguration;
			buildSettings = {
				ASSETCATALOG_COMPILER_APPICON_NAME = AppIcon;
				ASSETCATALOG_COMPILER_GLOBAL_ACCENT_COLOR_NAME = AccentColor;
				CODE_SIGN_STYLE = Automatic;
				CURRENT_PROJECT_VERSION = 1;
				DEVELOPMENT_TEAM = X8VM9X4JZM;
				GENERATE_INFOPLIST_FILE = YES;
				INFOPLIST_FILE = Iksvan_Test/Info.plist;
				INFOPLIST_KEY_UIApplicationSupportsIndirectInputEvents = YES;
				INFOPLIST_KEY_UILaunchStoryboardName = LaunchScreen;
				INFOPLIST_KEY_UIMainStoryboardFile = Main;
				INFOPLIST_KEY_UISupportedInterfaceOrientations_iPad = "UIInterfaceOrientationPortrait UIInterfaceOrientationPortraitUpsideDown UIInterfaceOrientationLandscapeLeft UIInterfaceOrientationLandscapeRight";
				INFOPLIST_KEY_UISupportedInterfaceOrientations_iPhone = "UIInterfaceOrientationPortrait UIInterfaceOrientationLandscapeLeft UIInterfaceOrientationLandscapeRight";
				LD_RUNPATH_SEARCH_PATHS = (
					"$(inherited)",
					"@executable_path/Frameworks",
				);
				MARKETING_VERSION = 1.0;
				PRODUCT_BUNDLE_IDENTIFIER = "com.veranika.Iksvan-Test";
				PRODUCT_NAME = "$(TARGET_NAME)";
				SWIFT_EMIT_LOC_STRINGS = YES;
				SWIFT_VERSION = 5.0;
				TARGETED_DEVICE_FAMILY = "1,2";
			};
			name = Release;
		};
/* End XCBuildConfiguration section */

/* Begin XCConfigurationList section */
		D6711E6E28CB224C00B60ACE /* Build configuration list for PBXProject "Iksvan_Test" */ = {
			isa = XCConfigurationList;
			buildConfigurations = (
				D6711E8528CB224D00B60ACE /* Debug */,
				D6711E8628CB224D00B60ACE /* Release */,
			);
			defaultConfigurationIsVisible = 0;
			defaultConfigurationName = Release;
		};
		D6711E8728CB224D00B60ACE /* Build configuration list for PBXNativeTarget "Iksvan_Test" */ = {
			isa = XCConfigurationList;
			buildConfigurations = (
				D6711E8828CB224D00B60ACE /* Debug */,
				D6711E8928CB224D00B60ACE /* Release */,
			);
			defaultConfigurationIsVisible = 0;
			defaultConfigurationName = Release;
		};
/* End XCConfigurationList section */
	};
	rootObject = D6711E6B28CB224C00B60ACE /* Project object */;
}
